{
	"name": "@webcomponents/url",
	"version": "0.7.2",
	"lockfileVersion": 1,
	"requires": true,
	"dependencies": {
		"@gulp-sourcemaps/identity-map": {
			"version": "1.0.2",
			"resolved": "https://registry.npmjs.org/@gulp-sourcemaps/identity-map/-/identity-map-1.0.2.tgz",
			"integrity": "sha512-ciiioYMLdo16ShmfHBXJBOFm3xPC4AuwO4xeRpFeHz7WK9PYsWCmigagG2XyzZpubK4a3qNKoUBDhbzHfa50LQ==",
			"dev": true,
			"requires": {
				"acorn": "^5.0.3",
				"css": "^2.2.1",
				"normalize-path": "^2.1.1",
				"source-map": "^0.6.0",
				"through2": "^2.0.3"
			}
		},
		"@gulp-sourcemaps/map-sources": {
			"version": "1.0.0",
			"resolved": "https://registry.npmjs.org/@gulp-sourcemaps/map-sources/-/map-sources-1.0.0.tgz",
			"integrity": "sha1-iQrnxdjId/bThIYCFazp1+yUW9o=",
			"dev": true,
			"requires": {
				"normalize-path": "^2.0.1",
				"through2": "^2.0.3"
			}
		},
		"acorn": {
			"version": "5.7.3",
			"resolved": "https://registry.npmjs.org/acorn/-/acorn-5.7.3.tgz",
			"integrity": "sha512-T/zvzYRfbVojPWahDsE5evJdHb3oJoQfFbsrKM7w5Zcs++Tr257tia3BmMP8XYVjp1S9RZXQMh7gao96BlqZOw==",
			"dev": true
		},
		"atob": {
			"version": "2.1.2",
			"resolved": "https://registry.npmjs.org/atob/-/atob-2.1.2.tgz",
			"integrity": "sha512-Wm6ukoaOGJi/73p/cl2GvLjTI5JM1k/O14isD73YML8StrH/7/lRFgmg8nICZgD3bZZvjwCGxtMOD3wWNAu8cg==",
			"dev": true
		},
		"convert-source-map": {
			"version": "1.6.0",
			"resolved": "https://registry.npmjs.org/convert-source-map/-/convert-source-map-1.6.0.tgz",
			"integrity": "sha512-eFu7XigvxdZ1ETfbgPBohgyQ/Z++C0eEhTor0qRwBw9unw+L0/6V8wkSuGgzdThkiS5lSpdptOQPD8Ak40a+7A==",
			"dev": true,
			"requires": {
				"safe-buffer": "~5.1.1"
			}
		},
		"core-util-is": {
			"version": "1.0.2",
			"resolved": "https://registry.npmjs.org/core-util-is/-/core-util-is-1.0.2.tgz",
			"integrity": "sha1-tf1UIgqivFq1eqtxQMlAdUUDwac=",
			"dev": true
		},
		"css": {
			"version": "2.2.4",
			"resolved": "https://registry.npmjs.org/css/-/css-2.2.4.tgz",
			"integrity": "sha512-oUnjmWpy0niI3x/mPL8dVEI1l7MnG3+HHyRPHf+YFSbK+svOhXpmSOcDURUh2aOCgl2grzrOPt1nHLuCVFULLw==",
			"dev": true,
			"requires": {
				"inherits": "^2.0.3",
				"source-map": "^0.6.1",
				"source-map-resolve": "^0.5.2",
				"urix": "^0.1.0"
			}
		},
		"d": {
			"version": "1.0.0",
			"resolved": "https://registry.npmjs.org/d/-/d-1.0.0.tgz",
			"integrity": "sha1-dUu1v+VUUdpppYuU1F9MWwRi1Y8=",
			"dev": true,
			"requires": {
				"es5-ext": "^0.10.9"
			}
		},
		"debug": {
			"version": "3.2.6",
			"resolved": "https://registry.npmjs.org/debug/-/debug-3.2.6.tgz",
			"integrity": "sha512-mel+jf7nrtEl5Pn1Qx46zARXKDpBbvzezse7p7LqINmdoIk8PYP5SySaxEmYv6TZ0JyEKA1hsCId6DIhgITtWQ==",
			"dev": true,
			"requires": {
				"ms": "^2.1.1"
			}
		},
		"debug-fabulous": {
			"version": "1.1.0",
			"resolved": "https://registry.npmjs.org/debug-fabulous/-/debug-fabulous-1.1.0.tgz",
			"integrity": "sha512-GZqvGIgKNlUnHUPQhepnUZFIMoi3dgZKQBzKDeL2g7oJF9SNAji/AAu36dusFUas0O+pae74lNeoIPHqXWDkLg==",
			"dev": true,
			"requires": {
				"debug": "3.X",
				"memoizee": "0.4.X",
				"object-assign": "4.X"
			}
		},
		"decode-uri-component": {
			"version": "0.2.0",
			"resolved": "https://registry.npmjs.org/decode-uri-component/-/decode-uri-component-0.2.0.tgz",
			"integrity": "sha1-6zkTMzRYd1y4TNGh+uBiEGu4dUU=",
			"dev": true
		},
		"detect-newline": {
			"version": "2.1.0",
			"resolved": "https://registry.npmjs.org/detect-newline/-/detect-newline-2.1.0.tgz",
			"integrity": "sha1-9B8cEL5LAOh7XxPaaAdZ8sW/0+I=",
			"dev": true
		},
		"es5-ext": {
			"version": "0.10.49",
			"resolved": "https://registry.npmjs.org/es5-ext/-/es5-ext-0.10.49.tgz",
			"integrity": "sha512-3NMEhi57E31qdzmYp2jwRArIUsj1HI/RxbQ4bgnSB+AIKIxsAmTiK83bYMifIcpWvEc3P1X30DhUKOqEtF/kvg==",
			"dev": true,
			"requires": {
				"es6-iterator": "~2.0.3",
				"es6-symbol": "~3.1.1",
				"next-tick": "^1.0.0"
			}
		},
		"es6-iterator": {
			"version": "2.0.3",
			"resolved": "https://registry.npmjs.org/es6-iterator/-/es6-iterator-2.0.3.tgz",
			"integrity": "sha1-p96IkUGgWpSwhUQDstCg+/qY87c=",
			"dev": true,
			"requires": {
				"d": "1",
				"es5-ext": "^0.10.35",
				"es6-symbol": "^3.1.1"
			}
		},
		"es6-symbol": {
			"version": "3.1.1",
			"resolved": "https://registry.npmjs.org/es6-symbol/-/es6-symbol-3.1.1.tgz",
			"integrity": "sha1-vwDvT9q2uhtG7Le2KbTH7VcVzHc=",
			"dev": true,
			"requires": {
				"d": "1",
				"es5-ext": "~0.10.14"
			}
		},
		"es6-weak-map": {
			"version": "2.0.2",
			"resolved": "https://registry.npmjs.org/es6-weak-map/-/es6-weak-map-2.0.2.tgz",
			"integrity": "sha1-XjqzIlH/0VOKH45f+hNXdy+S2W8=",
			"dev": true,
			"requires": {
				"d": "1",
				"es5-ext": "^0.10.14",
				"es6-iterator": "^2.0.1",
				"es6-symbol": "^3.1.1"
			}
		},
		"event-emitter": {
			"version": "0.3.5",
			"resolved": "https://registry.npmjs.org/event-emitter/-/event-emitter-0.3.5.tgz",
			"integrity": "sha1-34xp7vFkeSPHFXuc6DhAYQsCzDk=",
			"dev": true,
			"requires": {
				"d": "1",
				"es5-ext": "~0.10.14"
			}
		},
		"graceful-fs": {
			"version": "4.1.15",
			"resolved": "https://registry.npmjs.org/graceful-fs/-/graceful-fs-4.1.15.tgz",
			"integrity": "sha512-6uHUhOPEBgQ24HM+r6b/QwWfZq+yiFcipKFrOFiBEnWdy5sdzYoi+pJeQaPI5qOLRFqWmAXUPQNsielzdLoecA==",
			"dev": true
		},
		"gulp-sourcemaps": {
			"version": "2.6.5",
			"resolved": "https://registry.npmjs.org/gulp-sourcemaps/-/gulp-sourcemaps-2.6.5.tgz",
			"integrity": "sha512-SYLBRzPTew8T5Suh2U8jCSDKY+4NARua4aqjj8HOysBh2tSgT9u4jc1FYirAdPx1akUxxDeK++fqw6Jg0LkQRg==",
			"dev": true,
			"requires": {
				"@gulp-sourcemaps/identity-map": "1.X",
				"@gulp-sourcemaps/map-sources": "1.X",
				"acorn": "5.X",
				"convert-source-map": "1.X",
				"css": "2.X",
				"debug-fabulous": "1.X",
				"detect-newline": "2.X",
				"graceful-fs": "4.X",
				"source-map": "~0.6.0",
				"strip-bom-string": "1.X",
				"through2": "2.X"
			}
		},
		"inherits": {
			"version": "2.0.3",
			"resolved": "https://registry.npmjs.org/inherits/-/inherits-2.0.3.tgz",
			"integrity": "sha1-Yzwsg+PaQqUC9SRmAiSA9CCCYd4=",
			"dev": true
		},
		"is-promise": {
			"version": "2.1.0",
			"resolved": "https://registry.npmjs.org/is-promise/-/is-promise-2.1.0.tgz",
			"integrity": "sha1-eaKp7OfwlugPNtKy87wWwf9L8/o=",
			"dev": true
		},
		"isarray": {
			"version": "1.0.0",
			"resolved": "https://registry.npmjs.org/isarray/-/isarray-1.0.0.tgz",
			"integrity": "sha1-u5NdSFgsuhaMBoNJV6VKPgcSTxE=",
			"dev": true
		},
		"lru-queue": {
			"version": "0.1.0",
			"resolved": "https://registry.npmjs.org/lru-queue/-/lru-queue-0.1.0.tgz",
			"integrity": "sha1-Jzi9nw089PhEkMVzbEhpmsYyzaM=",
			"dev": true,
			"requires": {
				"es5-ext": "~0.10.2"
			}
		},
		"memoizee": {
			"version": "0.4.14",
			"resolved": "https://registry.npmjs.org/memoizee/-/memoizee-0.4.14.tgz",
			"integrity": "sha512-/SWFvWegAIYAO4NQMpcX+gcra0yEZu4OntmUdrBaWrJncxOqAziGFlHxc7yjKVK2uu3lpPW27P27wkR82wA8mg==",
			"dev": true,
			"requires": {
				"d": "1",
				"es5-ext": "^0.10.45",
				"es6-weak-map": "^2.0.2",
				"event-emitter": "^0.3.5",
				"is-promise": "^2.1",
				"lru-queue": "0.1",
				"next-tick": "1",
				"timers-ext": "^0.1.5"
			}
		},
		"ms": {
			"version": "2.1.1",
			"resolved": "https://registry.npmjs.org/ms/-/ms-2.1.1.tgz",
			"integrity": "sha512-tgp+dl5cGk28utYktBsrFqA7HKgrhgPsg6Z/EfhWI4gl1Hwq8B/GmY/0oXZ6nF8hDVesS/FpnYaD/kOWhYQvyg==",
			"dev": true
		},
		"next-tick": {
			"version": "1.0.0",
			"resolved": "https://registry.npmjs.org/next-tick/-/next-tick-1.0.0.tgz",
			"integrity": "sha1-yobR/ogoFpsBICCOPchCS524NCw=",
			"dev": true
		},
		"normalize-path": {
			"version": "2.1.1",
			"resolved": "https://registry.npmjs.org/normalize-path/-/normalize-path-2.1.1.tgz",
			"integrity": "sha1-GrKLVW4Zg2Oowab35vogE3/mrtk=",
			"dev": true,
			"requires": {
				"remove-trailing-separator": "^1.0.1"
			}
		},
		"object-assign": {
			"version": "4.1.1",
			"resolved": "https://registry.npmjs.org/object-assign/-/object-assign-4.1.1.tgz",
			"integrity": "sha1-IQmtx5ZYh8/AXLvUQsrIv7s2CGM=",
			"dev": true
		},
		"process-nextick-args": {
			"version": "2.0.0",
			"resolved": "https://registry.npmjs.org/process-nextick-args/-/process-nextick-args-2.0.0.tgz",
			"integrity": "sha512-MtEC1TqN0EU5nephaJ4rAtThHtC86dNN9qCuEhtshvpVBkAW5ZO7BASN9REnF9eoXGcRub+pFuKEpOHE+HbEMw==",
			"dev": true
		},
		"readable-stream": {
			"version": "2.3.6",
			"resolved": "https://registry.npmjs.org/readable-stream/-/readable-stream-2.3.6.tgz",
			"integrity": "sha512-tQtKA9WIAhBF3+VLAseyMqZeBjW0AHJoxOtYqSUZNJxauErmLbVm2FW1y+J/YA9dUrAC39ITejlZWhVIwawkKw==",
			"dev": true,
			"requires": {
				"core-util-is": "~1.0.0",
				"inherits": "~2.0.3",
				"isarray": "~1.0.0",
				"process-nextick-args": "~2.0.0",
				"safe-buffer": "~5.1.1",
				"string_decoder": "~1.1.1",
				"util-deprecate": "~1.0.1"
			}
		},
		"remove-trailing-separator": {
			"version": "1.1.0",
			"resolved": "https://registry.npmjs.org/remove-trailing-separator/-/remove-trailing-separator-1.1.0.tgz",
			"integrity": "sha1-wkvOKig62tW8P1jg1IJJuSN52O8=",
			"dev": true
		},
		"resolve-url": {
			"version": "0.2.1",
			"resolved": "https://registry.npmjs.org/resolve-url/-/resolve-url-0.2.1.tgz",
			"integrity": "sha1-LGN/53yJOv0qZj/iGqkIAGjiBSo=",
			"dev": true
		},
		"safe-buffer": {
			"version": "5.1.2",
			"resolved": "https://registry.npmjs.org/safe-buffer/-/safe-buffer-5.1.2.tgz",
			"integrity": "sha512-Gd2UZBJDkXlY7GbJxfsE8/nvKkUEU1G38c1siN6QP6a9PT9MmHB8GnpscSmMJSoF8LOIrt8ud/wPtojys4G6+g==",
			"dev": true
		},
		"source-map": {
			"version": "0.6.1",
			"resolved": "https://registry.npmjs.org/source-map/-/source-map-0.6.1.tgz",
			"integrity": "sha512-UjgapumWlbMhkBgzT7Ykc5YXUT46F0iKu8SGXq0bcwP5dz/h0Plj6enJqjz1Zbq2l5WaqYnrVbwWOWMyF3F47g==",
			"dev": true
		},
		"source-map-resolve": {
			"version": "0.5.2",
			"resolved": "https://registry.npmjs.org/source-map-resolve/-/source-map-resolve-0.5.2.tgz",
			"integrity": "sha512-MjqsvNwyz1s0k81Goz/9vRBe9SZdB09Bdw+/zYyO+3CuPk6fouTaxscHkgtE8jKvf01kVfl8riHzERQ/kefaSA==",
			"dev": true,
			"requires": {
				"atob": "^2.1.1",
				"decode-uri-component": "^0.2.0",
				"resolve-url": "^0.2.1",
				"source-map-url": "^0.4.0",
				"urix": "^0.1.0"
			}
		},
		"source-map-url": {
			"version": "0.4.0",
			"resolved": "https://registry.npmjs.org/source-map-url/-/source-map-url-0.4.0.tgz",
			"integrity": "sha1-PpNdfd1zYxuXZZlW1VEo6HtQhKM=",
			"dev": true
		},
		"string_decoder": {
			"version": "1.1.1",
			"resolved": "https://registry.npmjs.org/string_decoder/-/string_decoder-1.1.1.tgz",
			"integrity": "sha512-n/ShnvDi6FHbbVfviro+WojiFzv+s8MPMHBczVePfUpDJLwoLT0ht1l4YwBCbi8pJAveEEdnkHyPyTP/mzRfwg==",
			"dev": true,
			"requires": {
				"safe-buffer": "~5.1.0"
			}
		},
		"strip-bom-string": {
			"version": "1.0.0",
			"resolved": "https://registry.npmjs.org/strip-bom-string/-/strip-bom-string-1.0.0.tgz",
			"integrity": "sha1-5SEekiQ2n7uB1jOi8ABE3IztrZI=",
			"dev": true
		},
		"through2": {
			"version": "2.0.5",
			"resolved": "https://registry.npmjs.org/through2/-/through2-2.0.5.tgz",
			"integrity": "sha512-/mrRod8xqpA+IHSLyGCQ2s8SPHiCDEeQJSep1jqLYeEUClOFG2Qsh+4FU6G9VeqpZnGW/Su8LQGc4YKni5rYSQ==",
			"dev": true,
			"requires": {
				"readable-stream": "~2.3.6",
				"xtend": "~4.0.1"
			}
		},
		"timers-ext": {
			"version": "0.1.7",
			"resolved": "https://registry.npmjs.org/timers-ext/-/timers-ext-0.1.7.tgz",
			"integrity": "sha512-b85NUNzTSdodShTIbky6ZF02e8STtVVfD+fu4aXXShEELpozH+bCpJLYMPZbsABN2wDH7fJpqIoXxJpzbf0NqQ==",
			"dev": true,
			"requires": {
				"es5-ext": "~0.10.46",
				"next-tick": "1"
			}
		},
		"urix": {
			"version": "0.1.0",
			"resolved": "https://registry.npmjs.org/urix/-/urix-0.1.0.tgz",
			"integrity": "sha1-2pN/emLiH+wf0Y1Js1wpNQZ6bHI=",
			"dev": true
		},
		"util-deprecate": {
			"version": "1.0.2",
			"resolved": "https://registry.npmjs.org/util-deprecate/-/util-deprecate-1.0.2.tgz",
			"integrity": "sha1-RQ1Nyfpw3nMnYvvS1KKJgUGaDM8=",
			"dev": true
		},
		"xtend": {
			"version": "4.0.1",
			"resolved": "https://registry.npmjs.org/xtend/-/xtend-4.0.1.tgz",
			"integrity": "sha1-pcbVMr5lbiPbgg77lDofBJmNY68=",
			"dev": true
		}
	}
}
