{
  "name": "@webcomponents/webcomponentsjs",
  "version": "2.6.0",
  "lockfileVersion": 2,
  "requires": true,
  "packages": {
    "": {
      "name": "@webcomponents/webcomponentsjs",
      "version": "2.6.0",
      "license": "BSD-3-Clause",
      "devDependencies": {
        "babel-preset-minify": "^0.4.3",
        "get-own-property-symbols": "^0.9.2",
        "gulp-concat": "^2.6.1",
        "promise-polyfill": "^8.0.0"
      }
    },
    "node_modules/babel-helper-evaluate-path": {
      "version": "0.4.3",
      "resolved": "https://registry.npmjs.org/babel-helper-evaluate-path/-/babel-helper-evaluate-path-0.4.3.tgz",
      "integrity": "sha1-ComvcCwGshcCf6NxkI3UmJ0+Yz8=",
      "dev": true
    },
    "node_modules/babel-helper-flip-expressions": {
      "version": "0.4.3",
      "resolved": "https://registry.npmjs.org/babel-helper-flip-expressions/-/babel-helper-flip-expressions-0.4.3.tgz",
      "integrity": "sha1-NpZzahKKwYvCUlS19AoizrPB0/0=",
      "dev": true
    },
    "node_modules/babel-helper-is-nodes-equiv": {
      "version": "0.0.1",
      "resolved": "https://registry.npmjs.org/babel-helper-is-nodes-equiv/-/babel-helper-is-nodes-equiv-0.0.1.tgz",
      "integrity": "sha1-NOmzALFHnd2Y7HfqC76TQt/jloQ=",
      "dev": true
    },
    "node_modules/babel-helper-is-void-0": {
      "version": "0.4.3",
      "resolved": "https://registry.npmjs.org/babel-helper-is-void-0/-/babel-helper-is-void-0-0.4.3.tgz",
      "integrity": "sha1-fZwBtFYee5Xb2g9u7kj1tg5nMT4=",
      "dev": true
    },
    "node_modules/babel-helper-mark-eval-scopes": {
      "version": "0.4.3",
      "resolved": "https://registry.npmjs.org/babel-helper-mark-eval-scopes/-/babel-helper-mark-eval-scopes-0.4.3.tgz",
      "integrity": "sha1-0kSjvvmESHJgP/tG4izorN9VFWI=",
      "dev": true
    },
    "node_modules/babel-helper-remove-or-void": {
      "version": "0.4.3",
      "resolved": "https://registry.npmjs.org/babel-helper-remove-or-void/-/babel-helper-remove-or-void-0.4.3.tgz",
      "integrity": "sha1-pPA7QAd6D/6I5F0HAQ3uJB/1rmA=",
      "dev": true
    },
    "node_modules/babel-helper-to-multiple-sequence-expressions": {
      "version": "0.4.3",
      "resolved": "https://registry.npmjs.org/babel-helper-to-multiple-sequence-expressions/-/babel-helper-to-multiple-sequence-expressions-0.4.3.tgz",
      "integrity": "sha1-W1GLESf0ezA4dzOGoVYaK0jmMrY=",
      "dev": true
    },
    "node_modules/babel-plugin-minify-builtins": {
      "version": "0.4.3",
      "resolved": "https://registry.npmjs.org/babel-plugin-minify-builtins/-/babel-plugin-minify-builtins-0.4.3.tgz",
      "integrity": "sha1-nqPVn0rEp7uVjXEtKVVqH4b3+B4=",
      "dev": true,
      "dependencies": {
        "babel-helper-evaluate-path": "^0.4.3"
      }
    },
    "node_modules/babel-plugin-minify-constant-folding": {
      "version": "0.4.3",
      "resolved": "https://registry.npmjs.org/babel-plugin-minify-constant-folding/-/babel-plugin-minify-constant-folding-0.4.3.tgz",
      "integrity": "sha1-MA+d6N2ghEoXaxk2U5YOJK0z4ZE=",
      "dev": true,
      "dependencies": {
        "babel-helper-evaluate-path": "^0.4.3"
      }
    },
    "node_modules/babel-plugin-minify-dead-code-elimination": {
      "version": "0.4.3",
      "resolved": "https://registry.npmjs.org/babel-plugin-minify-dead-code-elimination/-/babel-plugin-minify-dead-code-elimination-0.4.3.tgz",
      "integrity": "sha1-c2KCZYZPkAjQAnUG9Yq+s8HQLZg=",
      "dev": true,
      "dependencies": {
        "babel-helper-evaluate-path": "^0.4.3",
        "babel-helper-mark-eval-scopes": "^0.4.3",
        "babel-helper-remove-or-void": "^0.4.3",
        "lodash.some": "^4.6.0"
      }
    },
    "node_modules/babel-plugin-minify-flip-comparisons": {
      "version": "0.4.3",
      "resolved": "https://registry.npmjs.org/babel-plugin-minify-flip-comparisons/-/babel-plugin-minify-flip-comparisons-0.4.3.tgz",
      "integrity": "sha1-AMqHDLjxO0XAOLPB68DyJyk8llo=",
      "dev": true,
      "dependencies": {
        "babel-helper-is-void-0": "^0.4.3"
      }
    },
    "node_modules/babel-plugin-minify-guarded-expressions": {
      "version": "0.4.4",
      "resolved": "https://registry.npmjs.org/babel-plugin-minify-guarded-expressions/-/babel-plugin-minify-guarded-expressions-0.4.4.tgz",
      "integrity": "sha512-RMv0tM72YuPPfLT9QLr3ix9nwUIq+sHT6z8Iu3sLbqldzC1Dls8DPCywzUIzkTx9Zh1hWX4q/m9BPoPed9GOfA==",
      "dev": true,
      "dependencies": {
        "babel-helper-evaluate-path": "^0.5.0",
        "babel-helper-flip-expressions": "^0.4.3"
      }
    },
    "node_modules/babel-plugin-minify-guarded-expressions/node_modules/babel-helper-evaluate-path": {
      "version": "0.5.0",
      "resolved": "https://registry.npmjs.org/babel-helper-evaluate-path/-/babel-helper-evaluate-path-0.5.0.tgz",
      "integrity": "sha512-mUh0UhS607bGh5wUMAQfOpt2JX2ThXMtppHRdRU1kL7ZLRWIXxoV2UIV1r2cAeeNeU1M5SB5/RSUgUxrK8yOkA==",
      "dev": true
    },
    "node_modules/babel-plugin-minify-infinity": {
      "version": "0.4.3",
      "resolved": "https://registry.npmjs.org/babel-plugin-minify-infinity/-/babel-plugin-minify-infinity-0.4.3.tgz",
      "integrity": "sha1-37h2obCKBldjhO8/kuZTumB7Oco=",
      "dev": true
    },
    "node_modules/babel-plugin-minify-mangle-names": {
      "version": "0.4.3",
      "resolved": "https://registry.npmjs.org/babel-plugin-minify-mangle-names/-/babel-plugin-minify-mangle-names-0.4.3.tgz",
      "integrity": "sha1-FvG/90t6fJPfwkHngx3V+0sCPvc=",
      "dev": true,
      "dependencies": {
        "babel-helper-mark-eval-scopes": "^0.4.3"
      }
    },
    "node_modules/babel-plugin-minify-numeric-literals": {
      "version": "0.4.3",
      "resolved": "https://registry.npmjs.org/babel-plugin-minify-numeric-literals/-/babel-plugin-minify-numeric-literals-0.4.3.tgz",
      "integrity": "sha1-jk/VYcefeAEob/YOjF/Z3u6TwLw=",
      "dev": true
    },
    "node_modules/babel-plugin-minify-replace": {
      "version": "0.4.3",
      "resolved": "https://registry.npmjs.org/babel-plugin-minify-replace/-/babel-plugin-minify-replace-0.4.3.tgz",
      "integrity": "sha1-nSifS6FdTmAR6HmfpfG6d+yBIZ0=",
      "dev": true
    },
    "node_modules/babel-plugin-minify-simplify": {
      "version": "0.4.3",
      "resolved": "https://registry.npmjs.org/babel-plugin-minify-simplify/-/babel-plugin-minify-simplify-0.4.3.tgz",
      "integrity": "sha1-N3VthcYURktLCSfytOQXGR1Vc4o=",
      "dev": true,
      "dependencies": {
        "babel-helper-flip-expressions": "^0.4.3",
        "babel-helper-is-nodes-equiv": "^0.0.1",
        "babel-helper-to-multiple-sequence-expressions": "^0.4.3"
      }
    },
    "node_modules/babel-plugin-minify-type-constructors": {
      "version": "0.4.3",
      "resolved": "https://registry.npmjs.org/babel-plugin-minify-type-constructors/-/babel-plugin-minify-type-constructors-0.4.3.tgz",
      "integrity": "sha1-G8bxW4f3qxCF1CszC3F2V6IVZQA=",
      "dev": true,
      "dependencies": {
        "babel-helper-is-void-0": "^0.4.3"
      }
    },
    "node_modules/babel-plugin-transform-inline-consecutive-adds": {
      "version": "0.4.3",
      "resolved": "https://registry.npmjs.org/babel-plugin-transform-inline-consecutive-adds/-/babel-plugin-transform-inline-consecutive-adds-0.4.3.tgz",
      "integrity": "sha1-Mj1Ho+pjqDp6w8gRro5pQfrysNE=",
      "dev": true
    },
    "node_modules/babel-plugin-transform-member-expression-literals": {
      "version": "6.9.4",
      "resolved": "https://registry.npmjs.org/babel-plugin-transform-member-expression-literals/-/babel-plugin-transform-member-expression-literals-6.9.4.tgz",
      "integrity": "sha1-NwOcmgwzE6OUlfqsL/OmtbnQOL8=",
      "dev": true
    },
    "node_modules/babel-plugin-transform-merge-sibling-variables": {
      "version": "6.9.4",
      "resolved": "https://registry.npmjs.org/babel-plugin-transform-merge-sibling-variables/-/babel-plugin-transform-merge-sibling-variables-6.9.4.tgz",
      "integrity": "sha1-hbQi/DN3tEnJ0c3kQIcgNTJAHa4=",
      "dev": true
    },
    "node_modules/babel-plugin-transform-minify-booleans": {
      "version": "6.9.4",
      "resolved": "https://registry.npmjs.org/babel-plugin-transform-minify-booleans/-/babel-plugin-transform-minify-booleans-6.9.4.tgz",
      "integrity": "sha1-rLs+VqNVXdI5KOS1gtKFFi3SsZg=",
      "dev": true
    },
    "node_modules/babel-plugin-transform-property-literals": {
      "version": "6.9.4",
      "resolved": "https://registry.npmjs.org/babel-plugin-transform-property-literals/-/babel-plugin-transform-property-literals-6.9.4.tgz",
      "integrity": "sha1-mMHSHiVXNlc/k+zlRFn2ziSYXTk=",
      "dev": true,
      "dependencies": {
        "esutils": "^2.0.2"
      }
    },
    "node_modules/babel-plugin-transform-regexp-constructors": {
      "version": "0.4.3",
      "resolved": "https://registry.npmjs.org/babel-plugin-transform-regexp-constructors/-/babel-plugin-transform-regexp-constructors-0.4.3.tgz",
      "integrity": "sha1-WLd3W2OvzzMyj66aX4j71PsLSWU=",
      "dev": true
    },
    "node_modules/babel-plugin-transform-remove-console": {
      "version": "6.9.4",
      "resolved": "https://registry.npmjs.org/babel-plugin-transform-remove-console/-/babel-plugin-transform-remove-console-6.9.4.tgz",
      "integrity": "sha1-uYA2DAZzhOJLNXpYjYB9PINSd4A=",
      "dev": true
    },
    "node_modules/babel-plugin-transform-remove-debugger": {
      "version": "6.9.4",
      "resolved": "https://registry.npmjs.org/babel-plugin-transform-remove-debugger/-/babel-plugin-transform-remove-debugger-6.9.4.tgz",
      "integrity": "sha1-QrcnYxyXl44estGZp67IShgznvI=",
      "dev": true
    },
    "node_modules/babel-plugin-transform-remove-undefined": {
      "version": "0.4.3",
      "resolved": "https://registry.npmjs.org/babel-plugin-transform-remove-undefined/-/babel-plugin-transform-remove-undefined-0.4.3.tgz",
      "integrity": "sha1-1AsNp/kcCMBsxyt2dHTAHEiU3gI=",
      "dev": true,
      "dependencies": {
        "babel-helper-evaluate-path": "^0.4.3"
      }
    },
    "node_modules/babel-plugin-transform-simplify-comparison-operators": {
      "version": "6.9.4",
      "resolved": "https://registry.npmjs.org/babel-plugin-transform-simplify-comparison-operators/-/babel-plugin-transform-simplify-comparison-operators-6.9.4.tgz",
      "integrity": "sha1-9ir+CWyrDh9ootdT/fKDiIRxzrk=",
      "dev": true
    },
    "node_modules/babel-plugin-transform-undefined-to-void": {
      "version": "6.9.4",
      "resolved": "https://registry.npmjs.org/babel-plugin-transform-undefined-to-void/-/babel-plugin-transform-undefined-to-void-6.9.4.tgz",
      "integrity": "sha1-viQcqBQEAwZ4t0hxcyK4nQyP4oA=",
      "dev": true
    },
    "node_modules/babel-preset-minify": {
      "version": "0.4.3",
      "resolved": "https://registry.npmjs.org/babel-preset-minify/-/babel-preset-minify-0.4.3.tgz",
      "integrity": "sha1-spw91pGJBThFmPCSuVUVLiah/g8=",
      "dev": true,
      "dependencies": {
        "babel-plugin-minify-builtins": "^0.4.3",
        "babel-plugin-minify-constant-folding": "^0.4.3",
        "babel-plugin-minify-dead-code-elimination": "^0.4.3",
        "babel-plugin-minify-flip-comparisons": "^0.4.3",
        "babel-plugin-minify-guarded-expressions": "^0.4.3",
        "babel-plugin-minify-infinity": "^0.4.3",
        "babel-plugin-minify-mangle-names": "^0.4.3",
        "babel-plugin-minify-numeric-literals": "^0.4.3",
        "babel-plugin-minify-replace": "^0.4.3",
        "babel-plugin-minify-simplify": "^0.4.3",
        "babel-plugin-minify-type-constructors": "^0.4.3",
        "babel-plugin-transform-inline-consecutive-adds": "^0.4.3",
        "babel-plugin-transform-member-expression-literals": "^6.9.4",
        "babel-plugin-transform-merge-sibling-variables": "^6.9.4",
        "babel-plugin-transform-minify-booleans": "^6.9.4",
        "babel-plugin-transform-property-literals": "^6.9.4",
        "babel-plugin-transform-regexp-constructors": "^0.4.3",
        "babel-plugin-transform-remove-console": "^6.9.4",
        "babel-plugin-transform-remove-debugger": "^6.9.4",
        "babel-plugin-transform-remove-undefined": "^0.4.3",
        "babel-plugin-transform-simplify-comparison-operators": "^6.9.4",
        "babel-plugin-transform-undefined-to-void": "^6.9.4",
        "lodash.isplainobject": "^4.0.6"
      }
    },
    "node_modules/clone": {
      "version": "2.1.2",
      "resolved": "https://registry.npmjs.org/clone/-/clone-2.1.2.tgz",
      "integrity": "sha1-G39Ln1kfHo+DZwQBYANFoCiHQ18=",
      "dev": true,
      "engines": {
        "node": ">=0.8"
      }
    },
    "node_modules/clone-buffer": {
      "version": "1.0.0",
      "resolved": "https://registry.npmjs.org/clone-buffer/-/clone-buffer-1.0.0.tgz",
      "integrity": "sha1-4+JbIHrE5wGvch4staFnksrD3Fg=",
      "dev": true,
      "engines": {
        "node": ">= 0.10"
      }
    },
    "node_modules/clone-stats": {
      "version": "1.0.0",
      "resolved": "https://registry.npmjs.org/clone-stats/-/clone-stats-1.0.0.tgz",
      "integrity": "sha1-s3gt/4u1R04Yuba/D9/ngvh3doA=",
      "dev": true
    },
    "node_modules/cloneable-readable": {
      "version": "1.1.3",
      "resolved": "https://registry.npmjs.org/cloneable-readable/-/cloneable-readable-1.1.3.tgz",
      "integrity": "sha512-2EF8zTQOxYq70Y4XKtorQupqF0m49MBz2/yf5Bj+MHjvpG3Hy7sImifnqD6UA+TKYxeSV+u6qqQPawN5UvnpKQ==",
      "dev": true,
      "dependencies": {
        "inherits": "^2.0.1",
        "process-nextick-args": "^2.0.0",
        "readable-stream": "^2.3.5"
      }
    },
    "node_modules/concat-with-sourcemaps": {
      "version": "1.1.0",
      "resolved": "https://registry.npmjs.org/concat-with-sourcemaps/-/concat-with-sourcemaps-1.1.0.tgz",
      "integrity": "sha512-4gEjHJFT9e+2W/77h/DS5SGUgwDaOwprX8L/gl5+3ixnzkVJJsZWDSelmN3Oilw3LNDZjZV0yqH1hLG3k6nghg==",
      "dev": true,
      "dependencies": {
        "source-map": "^0.6.1"
      }
    },
    "node_modules/core-util-is": {
      "version": "1.0.2",
      "resolved": "https://registry.npmjs.org/core-util-is/-/core-util-is-1.0.2.tgz",
      "integrity": "sha1-tf1UIgqivFq1eqtxQMlAdUUDwac=",
      "dev": true
    },
    "node_modules/esutils": {
      "version": "2.0.3",
      "resolved": "https://registry.npmjs.org/esutils/-/esutils-2.0.3.tgz",
      "integrity": "sha512-kVscqXk4OCp68SZ0dkgEKVi6/8ij300KBWTJq32P/dYeWTSwK41WyTxalN1eRmA5Z9UU/LX9D7FWSmV9SAYx6g==",
      "dev": true,
      "engines": {
        "node": ">=0.10.0"
      }
    },
    "node_modules/get-own-property-symbols": {
      "version": "0.9.5",
      "resolved": "https://registry.npmjs.org/get-own-property-symbols/-/get-own-property-symbols-0.9.5.tgz",
      "integrity": "sha512-ZvAIlmbmRE39iErqrw45vIkUUi0TQ78AWi5RtesI8rP13kECtm56WwgaWXn8valvJ6bOhQhBrn+PoNqnDu132w==",
      "dev": true
    },
    "node_modules/gulp-concat": {
      "version": "2.6.1",
      "resolved": "https://registry.npmjs.org/gulp-concat/-/gulp-concat-2.6.1.tgz",
      "integrity": "sha1-Yz0WyV2IUEYorQJmVmPO5aR5M1M=",
      "dev": true,
      "dependencies": {
        "concat-with-sourcemaps": "^1.0.0",
        "through2": "^2.0.0",
        "vinyl": "^2.0.0"
      },
      "engines": {
        "node": ">= 0.10"
      }
    },
    "node_modules/inherits": {
      "version": "2.0.4",
      "resolved": "https://registry.npmjs.org/inherits/-/inherits-2.0.4.tgz",
      "integrity": "sha512-k/vGaX4/Yla3WzyMCvTQOXYeIHvqOKtnqBduzTHpzpQZzAskKMhZ2K+EnBiSM9zGSoIFeMpXKxa4dYeZIQqewQ==",
      "dev": true
    },
    "node_modules/isarray": {
      "version": "1.0.0",
      "resolved": "https://registry.npmjs.org/isarray/-/isarray-1.0.0.tgz",
      "integrity": "sha1-u5NdSFgsuhaMBoNJV6VKPgcSTxE=",
      "dev": true
    },
    "node_modules/lodash.isplainobject": {
      "version": "4.0.6",
      "resolved": "https://registry.npmjs.org/lodash.isplainobject/-/lodash.isplainobject-4.0.6.tgz",
      "integrity": "sha1-fFJqUtibRcRcxpC4gWO+BJf1UMs=",
      "dev": true
    },
    "node_modules/lodash.some": {
      "version": "4.6.0",
      "resolved": "https://registry.npmjs.org/lodash.some/-/lodash.some-4.6.0.tgz",
      "integrity": "sha1-G7nzFO9ri63tE7VJFpsqlF62jk0=",
      "dev": true
    },
    "node_modules/process-nextick-args": {
      "version": "2.0.1",
      "resolved": "https://registry.npmjs.org/process-nextick-args/-/process-nextick-args-2.0.1.tgz",
      "integrity": "sha512-3ouUOpQhtgrbOa17J7+uxOTpITYWaGP7/AhoR3+A+/1e9skrzelGi/dXzEYyvbxubEF6Wn2ypscTKiKJFFn1ag==",
      "dev": true
    },
    "node_modules/promise-polyfill": {
      "version": "8.2.0",
      "resolved": "https://registry.npmjs.org/promise-polyfill/-/promise-polyfill-8.2.0.tgz",
      "integrity": "sha512-k/TC0mIcPVF6yHhUvwAp7cvL6I2fFV7TzF1DuGPI8mBh4QQazf36xCKEHKTZKRysEoTQoQdKyP25J8MPJp7j5g==",
      "dev": true
    },
    "node_modules/readable-stream": {
      "version": "2.3.7",
      "resolved": "https://registry.npmjs.org/readable-stream/-/readable-stream-2.3.7.tgz",
      "integrity": "sha512-Ebho8K4jIbHAxnuxi7o42OrZgF/ZTNcsZj6nRKyUmkhLFq8CHItp/fy6hQZuZmP/n3yZ9VBUbp4zz/mX8hmYPw==",
      "dev": true,
      "dependencies": {
        "core-util-is": "~1.0.0",
        "inherits": "~2.0.3",
        "isarray": "~1.0.0",
        "process-nextick-args": "~2.0.0",
        "safe-buffer": "~5.1.1",
        "string_decoder": "~1.1.1",
        "util-deprecate": "~1.0.1"
      }
    },
    "node_modules/remove-trailing-separator": {
      "version": "1.1.0",
      "resolved": "https://registry.npmjs.org/remove-trailing-separator/-/remove-trailing-separator-1.1.0.tgz",
      "integrity": "sha1-wkvOKig62tW8P1jg1IJJuSN52O8=",
      "dev": true
    },
    "node_modules/replace-ext": {
      "version": "1.0.1",
      "resolved": "https://registry.npmjs.org/replace-ext/-/replace-ext-1.0.1.tgz",
      "integrity": "sha512-yD5BHCe7quCgBph4rMQ+0KkIRKwWCrHDOX1p1Gp6HwjPM5kVoCdKGNhN7ydqqsX6lJEnQDKZ/tFMiEdQ1dvPEw==",
      "dev": true,
      "engines": {
        "node": ">= 0.10"
      }
    },
    "node_modules/safe-buffer": {
      "version": "5.1.2",
      "resolved": "https://registry.npmjs.org/safe-buffer/-/safe-buffer-5.1.2.tgz",
      "integrity": "sha512-Gd2UZBJDkXlY7GbJxfsE8/nvKkUEU1G38c1siN6QP6a9PT9MmHB8GnpscSmMJSoF8LOIrt8ud/wPtojys4G6+g==",
      "dev": true
    },
    "node_modules/source-map": {
      "version": "0.6.1",
      "resolved": "https://registry.npmjs.org/source-map/-/source-map-0.6.1.tgz",
      "integrity": "sha512-UjgapumWlbMhkBgzT7Ykc5YXUT46F0iKu8SGXq0bcwP5dz/h0Plj6enJqjz1Zbq2l5WaqYnrVbwWOWMyF3F47g==",
      "dev": true,
      "engines": {
        "node": ">=0.10.0"
      }
    },
    "node_modules/string_decoder": {
      "version": "1.1.1",
      "resolved": "https://registry.npmjs.org/string_decoder/-/string_decoder-1.1.1.tgz",
      "integrity": "sha512-n/ShnvDi6FHbbVfviro+WojiFzv+s8MPMHBczVePfUpDJLwoLT0ht1l4YwBCbi8pJAveEEdnkHyPyTP/mzRfwg==",
      "dev": true,
      "dependencies": {
        "safe-buffer": "~5.1.0"
      }
    },
    "node_modules/through2": {
      "version": "2.0.5",
      "resolved": "https://registry.npmjs.org/through2/-/through2-2.0.5.tgz",
      "integrity": "sha512-/mrRod8xqpA+IHSLyGCQ2s8SPHiCDEeQJSep1jqLYeEUClOFG2Qsh+4FU6G9VeqpZnGW/Su8LQGc4YKni5rYSQ==",
      "dev": true,
      "dependencies": {
        "readable-stream": "~2.3.6",
        "xtend": "~4.0.1"
      }
    },
    "node_modules/util-deprecate": {
      "version": "1.0.2",
      "resolved": "https://registry.npmjs.org/util-deprecate/-/util-deprecate-1.0.2.tgz",
      "integrity": "sha1-RQ1Nyfpw3nMnYvvS1KKJgUGaDM8=",
      "dev": true
    },
    "node_modules/vinyl": {
      "version": "2.2.1",
      "resolved": "https://registry.npmjs.org/vinyl/-/vinyl-2.2.1.tgz",
      "integrity": "sha512-LII3bXRFBZLlezoG5FfZVcXflZgWP/4dCwKtxd5ky9+LOtM4CS3bIRQsmR1KMnMW07jpE8fqR2lcxPZ+8sJIcw==",
      "dev": true,
      "dependencies": {
        "clone": "^2.1.1",
        "clone-buffer": "^1.0.0",
        "clone-stats": "^1.0.0",
        "cloneable-readable": "^1.0.0",
        "remove-trailing-separator": "^1.0.1",
        "replace-ext": "^1.0.0"
      },
      "engines": {
        "node": ">= 0.10"
      }
    },
    "node_modules/xtend": {
      "version": "4.0.2",
      "resolved": "https://registry.npmjs.org/xtend/-/xtend-4.0.2.tgz",
      "integrity": "sha512-LKYU1iAXJXUgAXn9URjiu+MWhyUXHsvfp7mcuYm9dSUKK0/CjtrUwFAxD82/mCWbtLsGjFIad0wIsod4zrTAEQ==",
      "dev": true,
      "engines": {
        "node": ">=0.4"
      }
    }
  },
  "dependencies": {
    "babel-helper-evaluate-path": {
      "version": "0.4.3",
      "resolved": "https://registry.npmjs.org/babel-helper-evaluate-path/-/babel-helper-evaluate-path-0.4.3.tgz",
      "integrity": "sha1-ComvcCwGshcCf6NxkI3UmJ0+Yz8=",
      "dev": true
    },
    "babel-helper-flip-expressions": {
      "version": "0.4.3",
      "resolved": "https://registry.npmjs.org/babel-helper-flip-expressions/-/babel-helper-flip-expressions-0.4.3.tgz",
      "integrity": "sha1-NpZzahKKwYvCUlS19AoizrPB0/0=",
      "dev": true
    },
    "babel-helper-is-nodes-equiv": {
      "version": "0.0.1",
      "resolved": "https://registry.npmjs.org/babel-helper-is-nodes-equiv/-/babel-helper-is-nodes-equiv-0.0.1.tgz",
      "integrity": "sha1-NOmzALFHnd2Y7HfqC76TQt/jloQ=",
      "dev": true
    },
    "babel-helper-is-void-0": {
      "version": "0.4.3",
      "resolved": "https://registry.npmjs.org/babel-helper-is-void-0/-/babel-helper-is-void-0-0.4.3.tgz",
      "integrity": "sha1-fZwBtFYee5Xb2g9u7kj1tg5nMT4=",
      "dev": true
    },
    "babel-helper-mark-eval-scopes": {
      "version": "0.4.3",
      "resolved": "https://registry.npmjs.org/babel-helper-mark-eval-scopes/-/babel-helper-mark-eval-scopes-0.4.3.tgz",
      "integrity": "sha1-0kSjvvmESHJgP/tG4izorN9VFWI=",
      "dev": true
    },
    "babel-helper-remove-or-void": {
      "version": "0.4.3",
      "resolved": "https://registry.npmjs.org/babel-helper-remove-or-void/-/babel-helper-remove-or-void-0.4.3.tgz",
      "integrity": "sha1-pPA7QAd6D/6I5F0HAQ3uJB/1rmA=",
      "dev": true
    },
    "babel-helper-to-multiple-sequence-expressions": {
      "version": "0.4.3",
      "resolved": "https://registry.npmjs.org/babel-helper-to-multiple-sequence-expressions/-/babel-helper-to-multiple-sequence-expressions-0.4.3.tgz",
      "integrity": "sha1-W1GLESf0ezA4dzOGoVYaK0jmMrY=",
      "dev": true
    },
    "babel-plugin-minify-builtins": {
      "version": "0.4.3",
      "resolved": "https://registry.npmjs.org/babel-plugin-minify-builtins/-/babel-plugin-minify-builtins-0.4.3.tgz",
      "integrity": "sha1-nqPVn0rEp7uVjXEtKVVqH4b3+B4=",
      "dev": true,
      "requires": {
        "babel-helper-evaluate-path": "^0.4.3"
      }
    },
    "babel-plugin-minify-constant-folding": {
      "version": "0.4.3",
      "resolved": "https://registry.npmjs.org/babel-plugin-minify-constant-folding/-/babel-plugin-minify-constant-folding-0.4.3.tgz",
      "integrity": "sha1-MA+d6N2ghEoXaxk2U5YOJK0z4ZE=",
      "dev": true,
      "requires": {
        "babel-helper-evaluate-path": "^0.4.3"
      }
    },
    "babel-plugin-minify-dead-code-elimination": {
      "version": "0.4.3",
      "resolved": "https://registry.npmjs.org/babel-plugin-minify-dead-code-elimination/-/babel-plugin-minify-dead-code-elimination-0.4.3.tgz",
      "integrity": "sha1-c2KCZYZPkAjQAnUG9Yq+s8HQLZg=",
      "dev": true,
      "requires": {
        "babel-helper-evaluate-path": "^0.4.3",
        "babel-helper-mark-eval-scopes": "^0.4.3",
        "babel-helper-remove-or-void": "^0.4.3",
        "lodash.some": "^4.6.0"
      }
    },
    "babel-plugin-minify-flip-comparisons": {
      "version": "0.4.3",
      "resolved": "https://registry.npmjs.org/babel-plugin-minify-flip-comparisons/-/babel-plugin-minify-flip-comparisons-0.4.3.tgz",
      "integrity": "sha1-AMqHDLjxO0XAOLPB68DyJyk8llo=",
      "dev": true,
      "requires": {
        "babel-helper-is-void-0": "^0.4.3"
      }
    },
    "babel-plugin-minify-guarded-expressions": {
      "version": "0.4.4",
      "resolved": "https://registry.npmjs.org/babel-plugin-minify-guarded-expressions/-/babel-plugin-minify-guarded-expressions-0.4.4.tgz",
      "integrity": "sha512-RMv0tM72YuPPfLT9QLr3ix9nwUIq+sHT6z8Iu3sLbqldzC1Dls8DPCywzUIzkTx9Zh1hWX4q/m9BPoPed9GOfA==",
      "dev": true,
      "requires": {
        "babel-helper-evaluate-path": "^0.5.0",
        "babel-helper-flip-expressions": "^0.4.3"
      },
      "dependencies": {
        "babel-helper-evaluate-path": {
          "version": "0.5.0",
          "resolved": "https://registry.npmjs.org/babel-helper-evaluate-path/-/babel-helper-evaluate-path-0.5.0.tgz",
          "integrity": "sha512-mUh0UhS607bGh5wUMAQfOpt2JX2ThXMtppHRdRU1kL7ZLRWIXxoV2UIV1r2cAeeNeU1M5SB5/RSUgUxrK8yOkA==",
          "dev": true
        }
      }
    },
    "babel-plugin-minify-infinity": {
      "version": "0.4.3",
      "resolved": "https://registry.npmjs.org/babel-plugin-minify-infinity/-/babel-plugin-minify-infinity-0.4.3.tgz",
      "integrity": "sha1-37h2obCKBldjhO8/kuZTumB7Oco=",
      "dev": true
    },
    "babel-plugin-minify-mangle-names": {
      "version": "0.4.3",
      "resolved": "https://registry.npmjs.org/babel-plugin-minify-mangle-names/-/babel-plugin-minify-mangle-names-0.4.3.tgz",
      "integrity": "sha1-FvG/90t6fJPfwkHngx3V+0sCPvc=",
      "dev": true,
      "requires": {
        "babel-helper-mark-eval-scopes": "^0.4.3"
      }
    },
    "babel-plugin-minify-numeric-literals": {
      "version": "0.4.3",
      "resolved": "https://registry.npmjs.org/babel-plugin-minify-numeric-literals/-/babel-plugin-minify-numeric-literals-0.4.3.tgz",
      "integrity": "sha1-jk/VYcefeAEob/YOjF/Z3u6TwLw=",
      "dev": true
    },
    "babel-plugin-minify-replace": {
      "version": "0.4.3",
      "resolved": "https://registry.npmjs.org/babel-plugin-minify-replace/-/babel-plugin-minify-replace-0.4.3.tgz",
      "integrity": "sha1-nSifS6FdTmAR6HmfpfG6d+yBIZ0=",
      "dev": true
    },
    "babel-plugin-minify-simplify": {
      "version": "0.4.3",
      "resolved": "https://registry.npmjs.org/babel-plugin-minify-simplify/-/babel-plugin-minify-simplify-0.4.3.tgz",
      "integrity": "sha1-N3VthcYURktLCSfytOQXGR1Vc4o=",
      "dev": true,
      "requires": {
        "babel-helper-flip-expressions": "^0.4.3",
        "babel-helper-is-nodes-equiv": "^0.0.1",
        "babel-helper-to-multiple-sequence-expressions": "^0.4.3"
      }
    },
    "babel-plugin-minify-type-constructors": {
      "version": "0.4.3",
      "resolved": "https://registry.npmjs.org/babel-plugin-minify-type-constructors/-/babel-plugin-minify-type-constructors-0.4.3.tgz",
      "integrity": "sha1-G8bxW4f3qxCF1CszC3F2V6IVZQA=",
      "dev": true,
      "requires": {
        "babel-helper-is-void-0": "^0.4.3"
      }
    },
    "babel-plugin-transform-inline-consecutive-adds": {
      "version": "0.4.3",
      "resolved": "https://registry.npmjs.org/babel-plugin-transform-inline-consecutive-adds/-/babel-plugin-transform-inline-consecutive-adds-0.4.3.tgz",
      "integrity": "sha1-Mj1Ho+pjqDp6w8gRro5pQfrysNE=",
      "dev": true
    },
    "babel-plugin-transform-member-expression-literals": {
      "version": "6.9.4",
      "resolved": "https://registry.npmjs.org/babel-plugin-transform-member-expression-literals/-/babel-plugin-transform-member-expression-literals-6.9.4.tgz",
      "integrity": "sha1-NwOcmgwzE6OUlfqsL/OmtbnQOL8=",
      "dev": true
    },
    "babel-plugin-transform-merge-sibling-variables": {
      "version": "6.9.4",
      "resolved": "https://registry.npmjs.org/babel-plugin-transform-merge-sibling-variables/-/babel-plugin-transform-merge-sibling-variables-6.9.4.tgz",
      "integrity": "sha1-hbQi/DN3tEnJ0c3kQIcgNTJAHa4=",
      "dev": true
    },
    "babel-plugin-transform-minify-booleans": {
      "version": "6.9.4",
      "resolved": "https://registry.npmjs.org/babel-plugin-transform-minify-booleans/-/babel-plugin-transform-minify-booleans-6.9.4.tgz",
      "integrity": "sha1-rLs+VqNVXdI5KOS1gtKFFi3SsZg=",
      "dev": true
    },
    "babel-plugin-transform-property-literals": {
      "version": "6.9.4",
      "resolved": "https://registry.npmjs.org/babel-plugin-transform-property-literals/-/babel-plugin-transform-property-literals-6.9.4.tgz",
      "integrity": "sha1-mMHSHiVXNlc/k+zlRFn2ziSYXTk=",
      "dev": true,
      "requires": {
        "esutils": "^2.0.2"
      }
    },
    "babel-plugin-transform-regexp-constructors": {
      "version": "0.4.3",
      "resolved": "https://registry.npmjs.org/babel-plugin-transform-regexp-constructors/-/babel-plugin-transform-regexp-constructors-0.4.3.tgz",
      "integrity": "sha1-WLd3W2OvzzMyj66aX4j71PsLSWU=",
      "dev": true
    },
    "babel-plugin-transform-remove-console": {
      "version": "6.9.4",
      "resolved": "https://registry.npmjs.org/babel-plugin-transform-remove-console/-/babel-plugin-transform-remove-console-6.9.4.tgz",
      "integrity": "sha1-uYA2DAZzhOJLNXpYjYB9PINSd4A=",
      "dev": true
    },
    "babel-plugin-transform-remove-debugger": {
      "version": "6.9.4",
      "resolved": "https://registry.npmjs.org/babel-plugin-transform-remove-debugger/-/babel-plugin-transform-remove-debugger-6.9.4.tgz",
      "integrity": "sha1-QrcnYxyXl44estGZp67IShgznvI=",
      "dev": true
    },
    "babel-plugin-transform-remove-undefined": {
      "version": "0.4.3",
      "resolved": "https://registry.npmjs.org/babel-plugin-transform-remove-undefined/-/babel-plugin-transform-remove-undefined-0.4.3.tgz",
      "integrity": "sha1-1AsNp/kcCMBsxyt2dHTAHEiU3gI=",
      "dev": true,
      "requires": {
        "babel-helper-evaluate-path": "^0.4.3"
      }
    },
    "babel-plugin-transform-simplify-comparison-operators": {
      "version": "6.9.4",
      "resolved": "https://registry.npmjs.org/babel-plugin-transform-simplify-comparison-operators/-/babel-plugin-transform-simplify-comparison-operators-6.9.4.tgz",
      "integrity": "sha1-9ir+CWyrDh9ootdT/fKDiIRxzrk=",
      "dev": true
    },
    "babel-plugin-transform-undefined-to-void": {
      "version": "6.9.4",
      "resolved": "https://registry.npmjs.org/babel-plugin-transform-undefined-to-void/-/babel-plugin-transform-undefined-to-void-6.9.4.tgz",
      "integrity": "sha1-viQcqBQEAwZ4t0hxcyK4nQyP4oA=",
      "dev": true
    },
    "babel-preset-minify": {
      "version": "0.4.3",
      "resolved": "https://registry.npmjs.org/babel-preset-minify/-/babel-preset-minify-0.4.3.tgz",
      "integrity": "sha1-spw91pGJBThFmPCSuVUVLiah/g8=",
      "dev": true,
      "requires": {
        "babel-plugin-minify-builtins": "^0.4.3",
        "babel-plugin-minify-constant-folding": "^0.4.3",
        "babel-plugin-minify-dead-code-elimination": "^0.4.3",
        "babel-plugin-minify-flip-comparisons": "^0.4.3",
        "babel-plugin-minify-guarded-expressions": "^0.4.3",
        "babel-plugin-minify-infinity": "^0.4.3",
        "babel-plugin-minify-mangle-names": "^0.4.3",
        "babel-plugin-minify-numeric-literals": "^0.4.3",
        "babel-plugin-minify-replace": "^0.4.3",
        "babel-plugin-minify-simplify": "^0.4.3",
        "babel-plugin-minify-type-constructors": "^0.4.3",
        "babel-plugin-transform-inline-consecutive-adds": "^0.4.3",
        "babel-plugin-transform-member-expression-literals": "^6.9.4",
        "babel-plugin-transform-merge-sibling-variables": "^6.9.4",
        "babel-plugin-transform-minify-booleans": "^6.9.4",
        "babel-plugin-transform-property-literals": "^6.9.4",
        "babel-plugin-transform-regexp-constructors": "^0.4.3",
        "babel-plugin-transform-remove-console": "^6.9.4",
        "babel-plugin-transform-remove-debugger": "^6.9.4",
        "babel-plugin-transform-remove-undefined": "^0.4.3",
        "babel-plugin-transform-simplify-comparison-operators": "^6.9.4",
        "babel-plugin-transform-undefined-to-void": "^6.9.4",
        "lodash.isplainobject": "^4.0.6"
      }
    },
    "clone": {
      "version": "2.1.2",
      "resolved": "https://registry.npmjs.org/clone/-/clone-2.1.2.tgz",
      "integrity": "sha1-G39Ln1kfHo+DZwQBYANFoCiHQ18=",
      "dev": true
    },
    "clone-buffer": {
      "version": "1.0.0",
      "resolved": "https://registry.npmjs.org/clone-buffer/-/clone-buffer-1.0.0.tgz",
      "integrity": "sha1-4+JbIHrE5wGvch4staFnksrD3Fg=",
      "dev": true
    },
    "clone-stats": {
      "version": "1.0.0",
      "resolved": "https://registry.npmjs.org/clone-stats/-/clone-stats-1.0.0.tgz",
      "integrity": "sha1-s3gt/4u1R04Yuba/D9/ngvh3doA=",
      "dev": true
    },
    "cloneable-readable": {
      "version": "1.1.3",
      "resolved": "https://registry.npmjs.org/cloneable-readable/-/cloneable-readable-1.1.3.tgz",
      "integrity": "sha512-2EF8zTQOxYq70Y4XKtorQupqF0m49MBz2/yf5Bj+MHjvpG3Hy7sImifnqD6UA+TKYxeSV+u6qqQPawN5UvnpKQ==",
      "dev": true,
      "requires": {
        "inherits": "^2.0.1",
        "process-nextick-args": "^2.0.0",
        "readable-stream": "^2.3.5"
      }
    },
    "concat-with-sourcemaps": {
      "version": "1.1.0",
      "resolved": "https://registry.npmjs.org/concat-with-sourcemaps/-/concat-with-sourcemaps-1.1.0.tgz",
      "integrity": "sha512-4gEjHJFT9e+2W/77h/DS5SGUgwDaOwprX8L/gl5+3ixnzkVJJsZWDSelmN3Oilw3LNDZjZV0yqH1hLG3k6nghg==",
      "dev": true,
      "requires": {
        "source-map": "^0.6.1"
      }
    },
    "core-util-is": {
      "version": "1.0.2",
      "resolved": "https://registry.npmjs.org/core-util-is/-/core-util-is-1.0.2.tgz",
      "integrity": "sha1-tf1UIgqivFq1eqtxQMlAdUUDwac=",
      "dev": true
    },
    "esutils": {
      "version": "2.0.3",
      "resolved": "https://registry.npmjs.org/esutils/-/esutils-2.0.3.tgz",
      "integrity": "sha512-kVscqXk4OCp68SZ0dkgEKVi6/8ij300KBWTJq32P/dYeWTSwK41WyTxalN1eRmA5Z9UU/LX9D7FWSmV9SAYx6g==",
      "dev": true
    },
    "get-own-property-symbols": {
      "version": "0.9.5",
      "resolved": "https://registry.npmjs.org/get-own-property-symbols/-/get-own-property-symbols-0.9.5.tgz",
      "integrity": "sha512-ZvAIlmbmRE39iErqrw45vIkUUi0TQ78AWi5RtesI8rP13kECtm56WwgaWXn8valvJ6bOhQhBrn+PoNqnDu132w==",
      "dev": true
    },
    "gulp-concat": {
      "version": "2.6.1",
      "resolved": "https://registry.npmjs.org/gulp-concat/-/gulp-concat-2.6.1.tgz",
      "integrity": "sha1-Yz0WyV2IUEYorQJmVmPO5aR5M1M=",
      "dev": true,
      "requires": {
        "concat-with-sourcemaps": "^1.0.0",
        "through2": "^2.0.0",
        "vinyl": "^2.0.0"
      }
    },
    "inherits": {
      "version": "2.0.4",
      "resolved": "https://registry.npmjs.org/inherits/-/inherits-2.0.4.tgz",
      "integrity": "sha512-k/vGaX4/Yla3WzyMCvTQOXYeIHvqOKtnqBduzTHpzpQZzAskKMhZ2K+EnBiSM9zGSoIFeMpXKxa4dYeZIQqewQ==",
      "dev": true
    },
    "isarray": {
      "version": "1.0.0",
      "resolved": "https://registry.npmjs.org/isarray/-/isarray-1.0.0.tgz",
      "integrity": "sha1-u5NdSFgsuhaMBoNJV6VKPgcSTxE=",
      "dev": true
    },
    "lodash.isplainobject": {
      "version": "4.0.6",
      "resolved": "https://registry.npmjs.org/lodash.isplainobject/-/lodash.isplainobject-4.0.6.tgz",
      "integrity": "sha1-fFJqUtibRcRcxpC4gWO+BJf1UMs=",
      "dev": true
    },
    "lodash.some": {
      "version": "4.6.0",
      "resolved": "https://registry.npmjs.org/lodash.some/-/lodash.some-4.6.0.tgz",
      "integrity": "sha1-G7nzFO9ri63tE7VJFpsqlF62jk0=",
      "dev": true
    },
    "process-nextick-args": {
      "version": "2.0.1",
      "resolved": "https://registry.npmjs.org/process-nextick-args/-/process-nextick-args-2.0.1.tgz",
      "integrity": "sha512-3ouUOpQhtgrbOa17J7+uxOTpITYWaGP7/AhoR3+A+/1e9skrzelGi/dXzEYyvbxubEF6Wn2ypscTKiKJFFn1ag==",
      "dev": true
    },
    "promise-polyfill": {
      "version": "8.2.0",
      "resolved": "https://registry.npmjs.org/promise-polyfill/-/promise-polyfill-8.2.0.tgz",
      "integrity": "sha512-k/TC0mIcPVF6yHhUvwAp7cvL6I2fFV7TzF1DuGPI8mBh4QQazf36xCKEHKTZKRysEoTQoQdKyP25J8MPJp7j5g==",
      "dev": true
    },
    "readable-stream": {
      "version": "2.3.7",
      "resolved": "https://registry.npmjs.org/readable-stream/-/readable-stream-2.3.7.tgz",
      "integrity": "sha512-Ebho8K4jIbHAxnuxi7o42OrZgF/ZTNcsZj6nRKyUmkhLFq8CHItp/fy6hQZuZmP/n3yZ9VBUbp4zz/mX8hmYPw==",
      "dev": true,
      "requires": {
        "core-util-is": "~1.0.0",
        "inherits": "~2.0.3",
        "isarray": "~1.0.0",
        "process-nextick-args": "~2.0.0",
        "safe-buffer": "~5.1.1",
        "string_decoder": "~1.1.1",
        "util-deprecate": "~1.0.1"
      }
    },
    "remove-trailing-separator": {
      "version": "1.1.0",
      "resolved": "https://registry.npmjs.org/remove-trailing-separator/-/remove-trailing-separator-1.1.0.tgz",
      "integrity": "sha1-wkvOKig62tW8P1jg1IJJuSN52O8=",
      "dev": true
    },
    "replace-ext": {
      "version": "1.0.1",
      "resolved": "https://registry.npmjs.org/replace-ext/-/replace-ext-1.0.1.tgz",
      "integrity": "sha512-yD5BHCe7quCgBph4rMQ+0KkIRKwWCrHDOX1p1Gp6HwjPM5kVoCdKGNhN7ydqqsX6lJEnQDKZ/tFMiEdQ1dvPEw==",
      "dev": true
    },
    "safe-buffer": {
      "version": "5.1.2",
      "resolved": "https://registry.npmjs.org/safe-buffer/-/safe-buffer-5.1.2.tgz",
      "integrity": "sha512-Gd2UZBJDkXlY7GbJxfsE8/nvKkUEU1G38c1siN6QP6a9PT9MmHB8GnpscSmMJSoF8LOIrt8ud/wPtojys4G6+g==",
      "dev": true
    },
    "source-map": {
      "version": "0.6.1",
      "resolved": "https://registry.npmjs.org/source-map/-/source-map-0.6.1.tgz",
      "integrity": "sha512-UjgapumWlbMhkBgzT7Ykc5YXUT46F0iKu8SGXq0bcwP5dz/h0Plj6enJqjz1Zbq2l5WaqYnrVbwWOWMyF3F47g==",
      "dev": true
    },
    "string_decoder": {
      "version": "1.1.1",
      "resolved": "https://registry.npmjs.org/string_decoder/-/string_decoder-1.1.1.tgz",
      "integrity": "sha512-n/ShnvDi6FHbbVfviro+WojiFzv+s8MPMHBczVePfUpDJLwoLT0ht1l4YwBCbi8pJAveEEdnkHyPyTP/mzRfwg==",
      "dev": true,
      "requires": {
        "safe-buffer": "~5.1.0"
      }
    },
    "through2": {
      "version": "2.0.5",
      "resolved": "https://registry.npmjs.org/through2/-/through2-2.0.5.tgz",
      "integrity": "sha512-/mrRod8xqpA+IHSLyGCQ2s8SPHiCDEeQJSep1jqLYeEUClOFG2Qsh+4FU6G9VeqpZnGW/Su8LQGc4YKni5rYSQ==",
      "dev": true,
      "requires": {
        "readable-stream": "~2.3.6",
        "xtend": "~4.0.1"
      }
    },
    "util-deprecate": {
      "version": "1.0.2",
      "resolved": "https://registry.npmjs.org/util-deprecate/-/util-deprecate-1.0.2.tgz",
      "integrity": "sha1-RQ1Nyfpw3nMnYvvS1KKJgUGaDM8=",
      "dev": true
    },
    "vinyl": {
      "version": "2.2.1",
      "resolved": "https://registry.npmjs.org/vinyl/-/vinyl-2.2.1.tgz",
      "integrity": "sha512-LII3bXRFBZLlezoG5FfZVcXflZgWP/4dCwKtxd5ky9+LOtM4CS3bIRQsmR1KMnMW07jpE8fqR2lcxPZ+8sJIcw==",
      "dev": true,
      "requires": {
        "clone": "^2.1.1",
        "clone-buffer": "^1.0.0",
        "clone-stats": "^1.0.0",
        "cloneable-readable": "^1.0.0",
        "remove-trailing-separator": "^1.0.1",
        "replace-ext": "^1.0.0"
      }
    },
    "xtend": {
      "version": "4.0.2",
      "resolved": "https://registry.npmjs.org/xtend/-/xtend-4.0.2.tgz",
      "integrity": "sha512-LKYU1iAXJXUgAXn9URjiu+MWhyUXHsvfp7mcuYm9dSUKK0/CjtrUwFAxD82/mCWbtLsGjFIad0wIsod4zrTAEQ==",
      "dev": true
    }
  }
}
