{
  "name": "@webcomponents/custom-elements",
  "version": "1.5.1",
  "lockfileVersion": 2,
  "requires": true,
  "packages": {
    "": {
      "name": "@webcomponents/custom-elements",
      "version": "1.4.3",
      "license": "BSD-3-Clause",
      "devDependencies": {
        "@webcomponents/html-imports": "^1.2.6",
        "@webcomponents/shadydom": "^1.8.0"
      }
    },
    "node_modules/@webcomponents/html-imports": {
      "version": "1.2.6",
      "resolved": "https://registry.npmjs.org/@webcomponents/html-imports/-/html-imports-1.2.6.tgz",
      "integrity": "sha512-QbQiE5Aw9Y04K+DbFoBl86YQA5SO15w7OPFo873gr1JDeixCosk9g+7SU2oxuil6ChZIYds38YaF47R8WrnMdg==",
      "dev": true
    },
    "node_modules/@webcomponents/shadydom": {
      "version": "1.8.0",
      "resolved": "https://registry.npmjs.org/@webcomponents/shadydom/-/shadydom-1.8.0.tgz",
      "integrity": "sha512-GYTJ4dr4uUZnut80cA94tpXXVip2RdoJpGMnYNKgh/Diz5x1U/m9Dy0RwZEzoEd7v2aRfEICac7TQ1wc50EKbQ==",
      "dev": true
    }
  },
  "dependencies": {
    "@webcomponents/html-imports": {
      "version": "1.2.6",
      "resolved": "https://registry.npmjs.org/@webcomponents/html-imports/-/html-imports-1.2.6.tgz",
      "integrity": "sha512-QbQiE5Aw9Y04K+DbFoBl86YQA5SO15w7OPFo873gr1JDeixCosk9g+7SU2oxuil6ChZIYds38YaF47R8WrnMdg==",
      "dev": true
    },
    "@webcomponents/shadydom": {
      "version": "1.8.0",
      "resolved": "https://registry.npmjs.org/@webcomponents/shadydom/-/shadydom-1.8.0.tgz",
      "integrity": "sha512-GYTJ4dr4uUZnut80cA94tpXXVip2RdoJpGMnYNKgh/Diz5x1U/m9Dy0RwZEzoEd7v2aRfEICac7TQ1wc50EKbQ==",
      "dev": true
    }
  }
}
